
Microsoft Visual Studio Solution File, Format Version 12.00
# Visual Studio Version 16
VisualStudioVersion = 16.0.31624.102
MinimumVisualStudioVersion = 10.0.40219.1
Project("{9A19103F-16F7-4668-BE54-9A1E7A4F7556}") = "Задачa 1", "Задачи\Задачa 1.csproj", "{6B06AF80-81C2-4350-BCFE-D0BD9A6D2F05}"
EndProject
Project("{FAE04EC0-301F-11D3-BF4B-00C04F79EFBC}") = "Задача 2", "Задача 2\Задача 2.csproj", "{4DB9DDA2-C4D1-496F-9903-192CA4DF82C1}"
EndProject
Project("{FAE04EC0-301F-11D3-BF4B-00C04F79EFBC}") = "Задача 3", "Задача 3\Задача 3.csproj", "{8B0457FE-68EC-4FAB-9CD5-63DDAC750CBC}"
EndProject
Global
	GlobalSection(SolutionConfigurationPlatforms) = preSolution
		Debug|Any CPU = Debug|Any CPU
		Release|Any CPU = Release|Any CPU
	EndGlobalSection
	GlobalSection(ProjectConfigurationPlatforms) = postSolution
		{6B06AF80-81C2-4350-BCFE-D0BD9A6D2F05}.Debug|Any CPU.ActiveCfg = Debug|Any CPU
		{6B06AF80-81C2-4350-BCFE-D0BD9A6D2F05}.Debug|Any CPU.Build.0 = Debug|Any CPU
		{6B06AF80-81C2-4350-BCFE-D0BD9A6D2F05}.Release|Any CPU.ActiveCfg = Release|Any CPU
		{6B06AF80-81C2-4350-BCFE-D0BD9A6D2F05}.Release|Any CPU.Build.0 = Release|Any CPU
		{4DB9DDA2-C4D1-496F-9903-192CA4DF82C1}.Debug|Any CPU.ActiveCfg = Debug|Any CPU
		{4DB9DDA2-C4D1-496F-9903-192CA4DF82C1}.Debug|Any CPU.Build.0 = Debug|Any CPU
		{4DB9DDA2-C4D1-496F-9903-192CA4DF82C1}.Release|Any CPU.ActiveCfg = Release|Any CPU
		{4DB9DDA2-C4D1-496F-9903-192CA4DF82C1}.Release|Any CPU.Build.0 = Release|Any CPU
		{8B0457FE-68EC-4FAB-9CD5-63DDAC750CBC}.Debug|Any CPU.ActiveCfg = Debug|Any CPU
		{8B0457FE-68EC-4FAB-9CD5-63DDAC750CBC}.Debug|Any CPU.Build.0 = Debug|Any CPU
		{8B0457FE-68EC-4FAB-9CD5-63DDAC750CBC}.Release|Any CPU.ActiveCfg = Release|Any CPU
		{8B0457FE-68EC-4FAB-9CD5-63DDAC750CBC}.Release|Any CPU.Build.0 = Release|Any CPU
	EndGlobalSection
	GlobalSection(SolutionProperties) = preSolution
		HideSolutionNode = FALSE
	EndGlobalSection
	GlobalSection(ExtensibilityGlobals) = postSolution
		SolutionGuid = {118740A1-888F-4512-AF52-D4E3E0F83A25}
	EndGlobalSection
EndGlobal
